// !$*UTF8*$!
{
	archiveVersion = 1;
	classes = {
	};
	objectVersion = 46;
	objects = {

/* Begin PBXBuildFile section */
		27B7636130BF726181160745 /* Pods_TryInstagram.framework in Frameworks */ = {isa = PBXBuildFile; fileRef = 9B0B809035527AC2247543E9 /* Pods_TryInstagram.framework */; };
		565FAB811E70087600BD678F /* AppDelegate.swift in Sources */ = {isa = PBXBuildFile; fileRef = 565FAB801E70087600BD678F /* AppDelegate.swift */; };
		565FAB831E70087600BD678F /* SignInVC.swift in Sources */ = {isa = PBXBuildFile; fileRef = 565FAB821E70087600BD678F /* SignInVC.swift */; };
		565FAB861E70087600BD678F /* Main.storyboard in Resources */ = {isa = PBXBuildFile; fileRef = 565FAB841E70087600BD678F /* Main.storyboard */; };
		565FAB881E70087600BD678F /* Assets.xcassets in Resources */ = {isa = PBXBuildFile; fileRef = 565FAB871E70087600BD678F /* Assets.xcassets */; };
		565FAB8B1E70087600BD678F /* LaunchScreen.storyboard in Resources */ = {isa = PBXBuildFile; fileRef = 565FAB891E70087600BD678F /* LaunchScreen.storyboard */; };
		565FAB931E7008EE00BD678F /* GoogleService-Info.plist in Resources */ = {isa = PBXBuildFile; fileRef = 565FAB921E7008EE00BD678F /* GoogleService-Info.plist */; };
		565FAB981E7016DE00BD678F /* FancyView.swift in Sources */ = {isa = PBXBuildFile; fileRef = 565FAB971E7016DE00BD678F /* FancyView.swift */; };
		565FAB9B1E70177A00BD678F /* Constants.swift in Sources */ = {isa = PBXBuildFile; fileRef = 565FAB9A1E70177A00BD678F /* Constants.swift */; };
		565FAB9D1E70407C00BD678F /* RoundBtn.swift in Sources */ = {isa = PBXBuildFile; fileRef = 565FAB9C1E70407C00BD678F /* RoundBtn.swift */; };
		565FAB9F1E70420000BD678F /* FancyField.swift in Sources */ = {isa = PBXBuildFile; fileRef = 565FAB9E1E70420000BD678F /* FancyField.swift */; };
		565FABA11E70434000BD678F /* FancyBtn.swift in Sources */ = {isa = PBXBuildFile; fileRef = 565FABA01E70434000BD678F /* FancyBtn.swift */; };
/* End PBXBuildFile section */

/* Begin PBXFileReference section */
		4498A122A18E819042C4BC88 /* Pods-TryInstagram.debug.xcconfig */ = {isa = PBXFileReference; includeInIndex = 1; lastKnownFileType = text.xcconfig; name = "Pods-TryInstagram.debug.xcconfig"; path = "Pods/Target Support Files/Pods-TryInstagram/Pods-TryInstagram.debug.xcconfig"; sourceTree = "<group>"; };
		565FAB7D1E70087600BD678F /* TryInstagram.app */ = {isa = PBXFileReference; explicitFileType = wrapper.application; includeInIndex = 0; path = TryInstagram.app; sourceTree = BUILT_PRODUCTS_DIR; };
		565FAB801E70087600BD678F /* AppDelegate.swift */ = {isa = PBXFileReference; lastKnownFileType = sourcecode.swift; path = AppDelegate.swift; sourceTree = "<group>"; };
		565FAB821E70087600BD678F /* SignInVC.swift */ = {isa = PBXFileReference; lastKnownFileType = sourcecode.swift; path = SignInVC.swift; sourceTree = "<group>"; };
		565FAB851E70087600BD678F /* Base */ = {isa = PBXFileReference; lastKnownFileType = file.storyboard; name = Base; path = Base.lproj/Main.storyboard; sourceTree = "<group>"; };
		565FAB871E70087600BD678F /* Assets.xcassets */ = {isa = PBXFileReference; lastKnownFileType = folder.assetcatalog; path = Assets.xcassets; sourceTree = "<group>"; };
		565FAB8A1E70087600BD678F /* Base */ = {isa = PBXFileReference; lastKnownFileType = file.storyboard; name = Base; path = Base.lproj/LaunchScreen.storyboard; sourceTree = "<group>"; };
		565FAB8C1E70087600BD678F /* Info.plist */ = {isa = PBXFileReference; lastKnownFileType = text.plist.xml; path = Info.plist; sourceTree = "<group>"; };
		565FAB921E7008EE00BD678F /* GoogleService-Info.plist */ = {isa = PBXFileReference; fileEncoding = 4; lastKnownFileType = text.plist.xml; path = "GoogleService-Info.plist"; sourceTree = "<group>"; };
		565FAB971E7016DE00BD678F /* FancyView.swift */ = {isa = PBXFileReference; fileEncoding = 4; lastKnownFileType = sourcecode.swift; path = FancyView.swift; sourceTree = "<group>"; };
		565FAB9A1E70177A00BD678F /* Constants.swift */ = {isa = PBXFileReference; fileEncoding = 4; lastKnownFileType = sourcecode.swift; path = Constants.swift; sourceTree = "<group>"; };
		565FAB9C1E70407C00BD678F /* RoundBtn.swift */ = {isa = PBXFileReference; fileEncoding = 4; lastKnownFileType = sourcecode.swift; path = RoundBtn.swift; sourceTree = "<group>"; };
		565FAB9E1E70420000BD678F /* FancyField.swift */ = {isa = PBXFileReference; fileEncoding = 4; lastKnownFileType = sourcecode.swift; path = FancyField.swift; sourceTree = "<group>"; };
		565FABA01E70434000BD678F /* FancyBtn.swift */ = {isa = PBXFileReference; fileEncoding = 4; lastKnownFileType = sourcecode.swift; path = FancyBtn.swift; sourceTree = "<group>"; };
		5F6836EA4235AC3C8916F23D /* Pods-TryInstagram.release.xcconfig */ = {isa = PBXFileReference; includeInIndex = 1; lastKnownFileType = text.xcconfig; name = "Pods-TryInstagram.release.xcconfig"; path = "Pods/Target Support Files/Pods-TryInstagram/Pods-TryInstagram.release.xcconfig"; sourceTree = "<group>"; };
		9B0B809035527AC2247543E9 /* Pods_TryInstagram.framework */ = {isa = PBXFileReference; explicitFileType = wrapper.framework; includeInIndex = 0; path = Pods_TryInstagram.framework; sourceTree = BUILT_PRODUCTS_DIR; };
/* End PBXFileReference section */

/* Begin PBXFrameworksBuildPhase section */
		565FAB7A1E70087600BD678F /* Frameworks */ = {
			isa = PBXFrameworksBuildPhase;
			buildActionMask = 2147483647;
			files = (
				27B7636130BF726181160745 /* Pods_TryInstagram.framework in Frameworks */,
			);
			runOnlyForDeploymentPostprocessing = 0;
		};
/* End PBXFrameworksBuildPhase section */

/* Begin PBXGroup section */
		565FAB741E70087600BD678F = {
			isa = PBXGroup;
			children = (
				565FAB7F1E70087600BD678F /* TryInstagram */,
				565FAB7E1E70087600BD678F /* Products */,
				C52C56F699F09DAEF023BC04 /* Pods */,
				77CD70A68499C873B30060DA /* Frameworks */,
			);
			sourceTree = "<group>";
		};
		565FAB7E1E70087600BD678F /* Products */ = {
			isa = PBXGroup;
			children = (
				565FAB7D1E70087600BD678F /* TryInstagram.app */,
			);
			name = Products;
			sourceTree = "<group>";
		};
		565FAB7F1E70087600BD678F /* TryInstagram */ = {
			isa = PBXGroup;
			children = (
				565FAB991E70176600BD678F /* Util */,
				565FAB941E700A2600BD678F /* Model */,
				565FAB951E700A3100BD678F /* View */,
				565FAB961E700A3800BD678F /* Controller */,
				565FAB801E70087600BD678F /* AppDelegate.swift */,
				565FAB841E70087600BD678F /* Main.storyboard */,
				565FAB871E70087600BD678F /* Assets.xcassets */,
				565FAB891E70087600BD678F /* LaunchScreen.storyboard */,
				565FAB8C1E70087600BD678F /* Info.plist */,
				565FAB921E7008EE00BD678F /* GoogleService-Info.plist */,
			);
			path = TryInstagram;
			sourceTree = "<group>";
		};
		565FAB941E700A2600BD678F /* Model */ = {
			isa = PBXGroup;
			children = (
			);
			name = Model;
			sourceTree = "<group>";
		};
		565FAB951E700A3100BD678F /* View */ = {
			isa = PBXGroup;
			children = (
				565FAB971E7016DE00BD678F /* FancyView.swift */,
				565FAB9C1E70407C00BD678F /* RoundBtn.swift */,
				565FAB9E1E70420000BD678F /* FancyField.swift */,
				565FABA01E70434000BD678F /* FancyBtn.swift */,
			);
			name = View;
			sourceTree = "<group>";
		};
		565FAB961E700A3800BD678F /* Controller */ = {
			isa = PBXGroup;
			children = (
				565FAB821E70087600BD678F /* SignInVC.swift */,
			);
			name = Controller;
			sourceTree = "<group>";
		};
		565FAB991E70176600BD678F /* Util */ = {
			isa = PBXGroup;
			children = (
				565FAB9A1E70177A00BD678F /* Constants.swift */,
			);
			name = Util;
			sourceTree = "<group>";
		};
		77CD70A68499C873B30060DA /* Frameworks */ = {
			isa = PBXGroup;
			children = (
				9B0B809035527AC2247543E9 /* Pods_TryInstagram.framework */,
			);
			name = Frameworks;
			sourceTree = "<group>";
		};
		C52C56F699F09DAEF023BC04 /* Pods */ = {
			isa = PBXGroup;
			children = (
				4498A122A18E819042C4BC88 /* Pods-TryInstagram.debug.xcconfig */,
				5F6836EA4235AC3C8916F23D /* Pods-TryInstagram.release.xcconfig */,
			);
			name = Pods;
			sourceTree = "<group>";
		};
/* End PBXGroup section */

/* Begin PBXNativeTarget section */
		565FAB7C1E70087600BD678F /* TryInstagram */ = {
			isa = PBXNativeTarget;
			buildConfigurationList = 565FAB8F1E70087600BD678F /* Build configuration list for PBXNativeTarget "TryInstagram" */;
			buildPhases = (
				D1367CA00675E8DAA8902438 /* [CP] Check Pods Manifest.lock */,
				565FAB791E70087600BD678F /* Sources */,
				565FAB7A1E70087600BD678F /* Frameworks */,
				565FAB7B1E70087600BD678F /* Resources */,
				6100A6B193CFF36B0ED2F8BC /* [CP] Embed Pods Frameworks */,
				8BB033E0EF933D0554A2F8DD /* [CP] Copy Pods Resources */,
			);
			buildRules = (
			);
			dependencies = (
			);
			name = TryInstagram;
			productName = TryInstagram;
			productReference = 565FAB7D1E70087600BD678F /* TryInstagram.app */;
			productType = "com.apple.product-type.application";
		};
/* End PBXNativeTarget section */

/* Begin PBXProject section */
		565FAB751E70087600BD678F /* Project object */ = {
			isa = PBXProject;
			attributes = {
				LastSwiftUpdateCheck = 0800;
				LastUpgradeCheck = 0800;
				ORGANIZATIONNAME = RegaCity;
				TargetAttributes = {
					565FAB7C1E70087600BD678F = {
						CreatedOnToolsVersion = 8.0;
						ProvisioningStyle = Automatic;
					};
				};
			};
			buildConfigurationList = 565FAB781E70087600BD678F /* Build configuration list for PBXProject "TryInstagram" */;
			compatibilityVersion = "Xcode 3.2";
			developmentRegion = English;
			hasScannedForEncodings = 0;
			knownRegions = (
				en,
				Base,
			);
			mainGroup = 565FAB741E70087600BD678F;
			productRefGroup = 565FAB7E1E70087600BD678F /* Products */;
			projectDirPath = "";
			projectRoot = "";
			targets = (
				565FAB7C1E70087600BD678F /* TryInstagram */,
			);
		};
/* End PBXProject section */

/* Begin PBXResourcesBuildPhase section */
		565FAB7B1E70087600BD678F /* Resources */ = {
			isa = PBXResourcesBuildPhase;
			buildActionMask = 2147483647;
			files = (
				565FAB8B1E70087600BD678F /* LaunchScreen.storyboard in Resources */,
				565FAB931E7008EE00BD678F /* GoogleService-Info.plist in Resources */,
				565FAB881E70087600BD678F /* Assets.xcassets in Resources */,
				565FAB861E70087600BD678F /* Main.storyboard in Resources */,
			);
			runOnlyForDeploymentPostprocessing = 0;
		};
/* End PBXResourcesBuildPhase section */

/* Begin PBXShellScriptBuildPhase section */
		6100A6B193CFF36B0ED2F8BC /* [CP] Embed Pods Frameworks */ = {
			isa = PBXShellScriptBuildPhase;
			buildActionMask = 2147483647;
			files = (
			);
			inputPaths = (
			);
			name = "[CP] Embed Pods Frameworks";
			outputPaths = (
			);
			runOnlyForDeploymentPostprocessing = 0;
			shellPath = /bin/sh;
			shellScript = "\"${SRCROOT}/Pods/Target Support Files/Pods-TryInstagram/Pods-TryInstagram-frameworks.sh\"\n";
			showEnvVarsInLog = 0;
		};
		8BB033E0EF933D0554A2F8DD /* [CP] Copy Pods Resources */ = {
			isa = PBXShellScriptBuildPhase;
			buildActionMask = 2147483647;
			files = (
			);
			inputPaths = (
			);
			name = "[CP] Copy Pods Resources";
			outputPaths = (
			);
			runOnlyForDeploymentPostprocessing = 0;
			shellPath = /bin/sh;
			shellScript = "\"${SRCROOT}/Pods/Target Support Files/Pods-TryInstagram/Pods-TryInstagram-resources.sh\"\n";
			showEnvVarsInLog = 0;
		};
		D1367CA00675E8DAA8902438 /* [CP] Check Pods Manifest.lock */ = {
			isa = PBXShellScriptBuildPhase;
			buildActionMask = 2147483647;
			files = (
			);
			inputPaths = (
			);
			name = "[CP] Check Pods Manifest.lock";
			outputPaths = (
			);
			runOnlyForDeploymentPostprocessing = 0;
			shellPath = /bin/sh;
			shellScript = "diff \"${PODS_ROOT}/../Podfile.lock\" \"${PODS_ROOT}/Manifest.lock\" > /dev/null\nif [ $? != 0 ] ; then\n    # print error to STDERR\n    echo \"error: The sandbox is not in sync with the Podfile.lock. Run 'pod install' or update your CocoaPods installation.\" >&2\n    exit 1\nfi\n";
			showEnvVarsInLog = 0;
		};
/* End PBXShellScriptBuildPhase section */

/* Begin PBXSourcesBuildPhase section */
		565FAB791E70087600BD678F /* Sources */ = {
			isa = PBXSourcesBuildPhase;
			buildActionMask = 2147483647;
			files = (
				565FAB9F1E70420000BD678F /* FancyField.swift in Sources */,
				565FAB831E70087600BD678F /* SignInVC.swift in Sources */,
				565FAB9D1E70407C00BD678F /* RoundBtn.swift in Sources */,
				565FAB811E70087600BD678F /* AppDelegate.swift in Sources */,
				565FAB981E7016DE00BD678F /* FancyView.swift in Sources */,
				565FAB9B1E70177A00BD678F /* Constants.swift in Sources */,
				565FABA11E70434000BD678F /* FancyBtn.swift in Sources */,
			);
			runOnlyForDeploymentPostprocessing = 0;
		};
/* End PBXSourcesBuildPhase section */

/* Begin PBXVariantGroup section */
		565FAB841E70087600BD678F /* Main.storyboard */ = {
			isa = PBXVariantGroup;
			children = (
				565FAB851E70087600BD678F /* Base */,
			);
			name = Main.storyboard;
			sourceTree = "<group>";
		};
		565FAB891E70087600BD678F /* LaunchScreen.storyboard */ = {
			isa = PBXVariantGroup;
			children = (
				565FAB8A1E70087600BD678F /* Base */,
			);
			name = LaunchScreen.storyboard;
			sourceTree = "<group>";
		};
/* End PBXVariantGroup section */

/* Begin XCBuildConfiguration section */
		565FAB8D1E70087600BD678F /* Debug */ = {
			isa = XCBuildConfiguration;
			buildSettings = {
				ALWAYS_SEARCH_USER_PATHS = NO;
				CLANG_ANALYZER_NONNULL = YES;
				CLANG_CXX_LANGUAGE_STANDARD = "gnu++0x";
				CLANG_CXX_LIBRARY = "libc++";
				CLANG_ENABLE_MODULES = YES;
				CLANG_ENABLE_OBJC_ARC = YES;
				CLANG_WARN_BOOL_CONVERSION = YES;
				CLANG_WARN_CONSTANT_CONVERSION = YES;
				CLANG_WARN_DIRECT_OBJC_ISA_USAGE = YES_ERROR;
				CLANG_WARN_DOCUMENTATION_COMMENTS = YES;
				CLANG_WARN_EMPTY_BODY = YES;
				CLANG_WARN_ENUM_CONVERSION = YES;
				CLANG_WARN_INFINITE_RECURSION = YES;
				CLANG_WARN_INT_CONVERSION = YES;
				CLANG_WARN_OBJC_ROOT_CLASS = YES_ERROR;
				CLANG_WARN_SUSPICIOUS_MOVES = YES;
				CLANG_WARN_UNREACHABLE_CODE = YES;
				CLANG_WARN__DUPLICATE_METHOD_MATCH = YES;
				"CODE_SIGN_IDENTITY[sdk=iphoneos*]" = "iPhone Developer";
				COPY_PHASE_STRIP = NO;
				DEBUG_INFORMATION_FORMAT = dwarf;
				ENABLE_STRICT_OBJC_MSGSEND = YES;
				ENABLE_TESTABILITY = YES;
				GCC_C_LANGUAGE_STANDARD = gnu99;
				GCC_DYNAMIC_NO_PIC = NO;
				GCC_NO_COMMON_BLOCKS = YES;
				GCC_OPTIMIZATION_LEVEL = 0;
				GCC_PREPROCESSOR_DEFINITIONS = (
					"DEBUG=1",
					"$(inherited)",
				);
				GCC_WARN_64_TO_32_BIT_CONVERSION = YES;
				GCC_WARN_ABOUT_RETURN_TYPE = YES_ERROR;
				GCC_WARN_UNDECLARED_SELECTOR = YES;
				GCC_WARN_UNINITIALIZED_AUTOS = YES_AGGRESSIVE;
				GCC_WARN_UNUSED_FUNCTION = YES;
				GCC_WARN_UNUSED_VARIABLE = YES;
				IPHONEOS_DEPLOYMENT_TARGET = 10.0;
				MTL_ENABLE_DEBUG_INFO = YES;
				ONLY_ACTIVE_ARCH = YES;
				SDKROOT = iphoneos;
				SWIFT_ACTIVE_COMPILATION_CONDITIONS = DEBUG;
				SWIFT_OPTIMIZATION_LEVEL = "-Onone";
				TARGETED_DEVICE_FAMILY = "1,2";
			};
			name = Debug;
		};
		565FAB8E1E70087600BD678F /* Release */ = {
			isa = XCBuildConfiguration;
			buildSettings = {
				ALWAYS_SEARCH_USER_PATHS = NO;
				CLANG_ANALYZER_NONNULL = YES;
				CLANG_CXX_LANGUAGE_STANDARD = "gnu++0x";
				CLANG_CXX_LIBRARY = "libc++";
				CLANG_ENABLE_MODULES = YES;
				CLANG_ENABLE_OBJC_ARC = YES;
				CLANG_WARN_BOOL_CONVERSION = YES;
				CLANG_WARN_CONSTANT_CONVERSION = YES;
				CLANG_WARN_DIRECT_OBJC_ISA_USAGE = YES_ERROR;
				CLANG_WARN_DOCUMENTATION_COMMENTS = YES;
				CLANG_WARN_EMPTY_BODY = YES;
				CLANG_WARN_ENUM_CONVERSION = YES;
				CLANG_WARN_INFINITE_RECURSION = YES;
				CLANG_WARN_INT_CONVERSION = YES;
				CLANG_WARN_OBJC_ROOT_CLASS = YES_ERROR;
				CLANG_WARN_SUSPICIOUS_MOVES = YES;
				CLANG_WARN_UNREACHABLE_CODE = YES;
				CLANG_WARN__DUPLICATE_METHOD_MATCH = YES;
				"CODE_SIGN_IDENTITY[sdk=iphoneos*]" = "iPhone Developer";
				COPY_PHASE_STRIP = NO;
				DEBUG_INFORMATION_FORMAT = "dwarf-with-dsym";
				ENABLE_NS_ASSERTIONS = NO;
				ENABLE_STRICT_OBJC_MSGSEND = YES;
				GCC_C_LANGUAGE_STANDARD = gnu99;
				GCC_NO_COMMON_BLOCKS = YES;
				GCC_WARN_64_TO_32_BIT_CONVERSION = YES;
				GCC_WARN_ABOUT_RETURN_TYPE = YES_ERROR;
				GCC_WARN_UNDECLARED_SELECTOR = YES;
				GCC_WARN_UNINITIALIZED_AUTOS = YES_AGGRESSIVE;
				GCC_WARN_UNUSED_FUNCTION = YES;
				GCC_WARN_UNUSED_VARIABLE = YES;
				IPHONEOS_DEPLOYMENT_TARGET = 10.0;
				MTL_ENABLE_DEBUG_INFO = NO;
				SDKROOT = iphoneos;
				SWIFT_OPTIMIZATION_LEVEL = "-Owholemodule";
				TARGETED_DEVICE_FAMILY = "1,2";
				VALIDATE_PRODUCT = YES;
			};
			name = Release;
		};
		565FAB901E70087600BD678F /* Debug */ = {
			isa = XCBuildConfiguration;
			baseConfigurationReference = 4498A122A18E819042C4BC88 /* Pods-TryInstagram.debug.xcconfig */;
			buildSettings = {
				ASSETCATALOG_COMPILER_APPICON_NAME = AppIcon;
				INFOPLIST_FILE = TryInstagram/Info.plist;
				LD_RUNPATH_SEARCH_PATHS = "$(inherited) @executable_path/Frameworks";
				PRODUCT_BUNDLE_IDENTIFIER = com.RegaCity.TryInstagram;
				PRODUCT_NAME = "$(TARGET_NAME)";
				SWIFT_VERSION = 3.0;
			};
			name = Debug;
		};
		565FAB911E70087600BD678F /* Release */ = {
			isa = XCBuildConfiguration;
			baseConfigurationReference = 5F6836EA4235AC3C8916F23D /* Pods-TryInstagram.release.xcconfig */;
			buildSettings = {
				ASSETCATALOG_COMPILER_APPICON_NAME = AppIcon;
				INFOPLIST_FILE = TryInstagram/Info.plist;
				LD_RUNPATH_SEARCH_PATHS = "$(inherited) @executable_path/Frameworks";
				PRODUCT_BUNDLE_IDENTIFIER = com.RegaCity.TryInstagram;
				PRODUCT_NAME = "$(TARGET_NAME)";
				SWIFT_VERSION = 3.0;
			};
			name = Release;
		};
/* End XCBuildConfiguration section */

/* Begin XCConfigurationList section */
		565FAB781E70087600BD678F /* Build configuration list for PBXProject "TryInstagram" */ = {
			isa = XCConfigurationList;
			buildConfigurations = (
				565FAB8D1E70087600BD678F /* Debug */,
				565FAB8E1E70087600BD678F /* Release */,
			);
			defaultConfigurationIsVisible = 0;
			defaultConfigurationName = Release;
		};
		565FAB8F1E70087600BD678F /* Build configuration list for PBXNativeTarget "TryInstagram" */ = {
			isa = XCConfigurationList;
			buildConfigurations = (
				565FAB901E70087600BD678F /* Debug */,
				565FAB911E70087600BD678F /* Release */,
			);
			defaultConfigurationIsVisible = 0;
			defaultConfigurationName = Release;
		};
/* End XCConfigurationList section */
	};
	rootObject = 565FAB751E70087600BD678F /* Project object */;
}
